
Microsoft Visual Studio Solution File, Format Version 12.00
# Visual Studio Version 16
VisualStudioVersion = 16.0.32106.194
MinimumVisualStudioVersion = 10.0.40219.1
Project("{FAE04EC0-301F-11D3-BF4B-00C04F79EFBC}") = "WFGravarDadosMySql", "WFGravarDadosMySql\WFGravarDadosMySql.csproj", "{1183BA90-D44C-4F95-9BA7-652F3844E5C7}"
EndProject
Global
	GlobalSection(SolutionConfigurationPlatforms) = preSolution
		Debug|Any CPU = Debug|Any CPU
		Release|Any CPU = Release|Any CPU
	EndGlobalSection
	GlobalSection(ProjectConfigurationPlatforms) = postSolution
		{1183BA90-D44C-4F95-9BA7-652F3844E5C7}.Debug|Any CPU.ActiveCfg = Debug|Any CPU
		{1183BA90-D44C-4F95-9BA7-652F3844E5C7}.Debug|Any CPU.Build.0 = Debug|Any CPU
		{1183BA90-D44C-4F95-9BA7-652F3844E5C7}.Release|Any CPU.ActiveCfg = Release|Any CPU
		{1183BA90-D44C-4F95-9BA7-652F3844E5C7}.Release|Any CPU.Build.0 = Release|Any CPU
	EndGlobalSection
	GlobalSection(SolutionProperties) = preSolution
		HideSolutionNode = FALSE
	EndGlobalSection
	GlobalSection(ExtensibilityGlobals) = postSolution
		SolutionGuid = {C2F1A221-707C-4284-9CB3-9D7746292409}
	EndGlobalSection
EndGlobal
